
Microsoft Visual Studio Solution File, Format Version 12.00
# Visual Studio Version 17
VisualStudioVersion = 17.14.36212.18
MinimumVisualStudioVersion = 10.0.40219.1
Project("{2150E333-8FDC-42A3-9474-1A3956D46DE8}") = "Web", "Web", "{256F4E96-6A73-9ABE-786F-840C672A50F4}"
EndProject
Project("{FAE04EC0-301F-11D3-BF4B-00C04F79EFBC}") = "AspCore2025", "AspCore2025\AspCore2025.csproj", "{8E07A6DE-C475-42B9-A004-3C5D2604AE46}"
EndProject
Project("{FAE04EC0-301F-11D3-BF4B-00C04F79EFBC}") = "AspCoreSeriLogging2025", "AspCoreSeriLogging2025\AspCoreSeriLogging2025.csproj", "{2D969CB7-1809-4394-BC9A-773347614FCF}"
EndProject
Project("{FAE04EC0-301F-11D3-BF4B-00C04F79EFBC}") = "ConsoleStandard2025", "ConsoleStandard2025\ConsoleStandard2025.csproj", "{4BE1586F-270A-4F30-A21D-15001D487BB2}"
EndProject
Project("{2150E333-8FDC-42A3-9474-1A3956D46DE8}") = "Console", "Console", "{09D8FB36-4898-7C8E-B3F7-02AC6C3AAC25}"
EndProject
Project("{2150E333-8FDC-42A3-9474-1A3956D46DE8}") = "MS Test", "MS Test", "{CE15223E-5A6A-7451-F455-2D4EB7229030}"
EndProject
Project("{FAE04EC0-301F-11D3-BF4B-00C04F79EFBC}") = "MsTest2025", "MsTest2025\MsTest2025.csproj", "{5569E764-6B97-4F23-830A-60D12B0AA48C}"
EndProject
Project("{2150E333-8FDC-42A3-9474-1A3956D46DE8}") = "Class Projects", "Class Projects", "{7A4C05E0-4FF7-B8EC-2124-E708496D3B03}"
EndProject
Project("{FAE04EC0-301F-11D3-BF4B-00C04F79EFBC}") = "LoggerLibrary", "LoggerLibrary\LoggerLibrary.csproj", "{94256E1D-0DB6-40CD-9CE4-CDC5778AD40F}"
EndProject
Project("{FAE04EC0-301F-11D3-BF4B-00C04F79EFBC}") = "ApplicationSetupLibrary", "ApplicationSetupLibrary\ApplicationSetupLibrary.csproj", "{D3A18DAF-DCD6-4154-AA08-C95944B888F1}"
EndProject
Project("{2150E333-8FDC-42A3-9474-1A3956D46DE8}") = "Testing projects", "Testing projects", "{49CF7A54-887D-C161-D4C1-B9F147F78F6B}"
EndProject
Project("{FAE04EC0-301F-11D3-BF4B-00C04F79EFBC}") = "TesterApplication", "TesterApplication\TesterApplication.csproj", "{E11377C0-5575-436A-823B-32DB4360F433}"
EndProject
Project("{2150E333-8FDC-42A3-9474-1A3956D46DE8}") = "Solution Items", "Solution Items", "{089100B1-113F-4E66-888A-E83F3999EAFD}"
	ProjectSection(SolutionItems) = preProject
		BasicConsoleProject.zip = BasicConsoleProject.zip
		readme.md = readme.md
	EndProjectSection
EndProject
Project("{FAE04EC0-301F-11D3-BF4B-00C04F79EFBC}") = "SpectreConsoleLibrary2025", "SpectreConsoleLibrary\SpectreConsoleLibrary2025.csproj", "{50544C8F-967B-4A0C-9AD8-09190A8D3BBB}"
EndProject
Project("{2150E333-8FDC-42A3-9474-1A3956D46DE8}") = "Desktop", "Desktop", "{7A1224A0-F22D-34FF-DE0A-A058FAFFD90C}"
EndProject
Project("{FAE04EC0-301F-11D3-BF4B-00C04F79EFBC}") = "WindowsForms2025", "WindowsForms2025\WindowsForms2025.csproj", "{FD252971-A3DF-4ABF-BCFD-119CB48FFDC4}"
EndProject
Project("{FAE04EC0-301F-11D3-BF4B-00C04F79EFBC}") = "WpfApp2025", "WpfApp2025\WpfApp2025.csproj", "{11DD0234-9BAF-487D-985E-56159EFABB5D}"
EndProject
Project("{FAE04EC0-301F-11D3-BF4B-00C04F79EFBC}") = "ConsoleWithDapper2025", "ConsoleWithDapper2025\ConsoleWithDapper2025.csproj", "{03754282-20DF-46DA-BD6B-ED8CE0EB36EA}"
EndProject
Project("{FAE04EC0-301F-11D3-BF4B-00C04F79EFBC}") = "ConsoleWithEntityFrameworkCoreSqlServer2025", "ConsoleWithEntityFrameworcoreSqlServer2025\ConsoleWithEntityFrameworkCoreSqlServer2025.csproj", "{5D755C55-2C87-4948-A56F-EFBD915C425D}"
EndProject
Project("{FAE04EC0-301F-11D3-BF4B-00C04F79EFBC}") = "ProjectTemplate1", "ProjectTemplate1\ProjectTemplate1.csproj", "{A6095029-EC2F-4AF0-AF19-6B3C2FA3E257}"
EndProject
Project("{2150E333-8FDC-42A3-9474-1A3956D46DE8}") = "Generic", "Generic", "{62AB0E85-9C0C-2155-2438-9E130F1B1504}"
EndProject
Project("{FAE04EC0-301F-11D3-BF4B-00C04F79EFBC}") = "KP_Console2025", "KP_Console2025\KP_Console2025.csproj", "{CDD376B0-44D9-4D75-ACB9-2A27EBB4446F}"
EndProject
Project("{FAE04EC0-301F-11D3-BF4B-00C04F79EFBC}") = "BasicConsoleProject", "BasicConsoleProject\BasicConsoleProject.csproj", "{9854C788-5B95-44CC-951B-813229ECC482}"
EndProject
Project("{FAE04EC0-301F-11D3-BF4B-00C04F79EFBC}") = "BasicConsoleApp", "BasicConsoleApp\BasicConsoleApp.csproj", "{D022BEDB-1B3D-4BD9-8B0C-EC86E93D03ED}"
EndProject
Project("{2150E333-8FDC-42A3-9474-1A3956D46DE8}") = "SpectreConsoleLibrary2025 test", "SpectreConsoleLibrary2025 test", "{DBB322E0-0B78-7CD8-98D2-D0C5B72D5AED}"
EndProject
Project("{FAE04EC0-301F-11D3-BF4B-00C04F79EFBC}") = "KP_Console2025Spectre", "KP_Console2025Spectre\KP_Console2025Spectre.csproj", "{A6F12E7A-E251-4B34-9E35-1866E1A47276}"
EndProject
Project("{FAE04EC0-301F-11D3-BF4B-00C04F79EFBC}") = "KP_Console20251", "KP_Console20251\KP_Console20251.csproj", "{D07ED622-9A1D-4F56-9CA1-ACC432781B77}"
EndProject
Global
	GlobalSection(SolutionConfigurationPlatforms) = preSolution
		Debug|Any CPU = Debug|Any CPU
		Release|Any CPU = Release|Any CPU
	EndGlobalSection
	GlobalSection(ProjectConfigurationPlatforms) = postSolution
		{8E07A6DE-C475-42B9-A004-3C5D2604AE46}.Debug|Any CPU.ActiveCfg = Debug|Any CPU
		{8E07A6DE-C475-42B9-A004-3C5D2604AE46}.Debug|Any CPU.Build.0 = Debug|Any CPU
		{8E07A6DE-C475-42B9-A004-3C5D2604AE46}.Release|Any CPU.ActiveCfg = Release|Any CPU
		{8E07A6DE-C475-42B9-A004-3C5D2604AE46}.Release|Any CPU.Build.0 = Release|Any CPU
		{2D969CB7-1809-4394-BC9A-773347614FCF}.Debug|Any CPU.ActiveCfg = Debug|Any CPU
		{2D969CB7-1809-4394-BC9A-773347614FCF}.Debug|Any CPU.Build.0 = Debug|Any CPU
		{2D969CB7-1809-4394-BC9A-773347614FCF}.Release|Any CPU.ActiveCfg = Release|Any CPU
		{2D969CB7-1809-4394-BC9A-773347614FCF}.Release|Any CPU.Build.0 = Release|Any CPU
		{4BE1586F-270A-4F30-A21D-15001D487BB2}.Debug|Any CPU.ActiveCfg = Debug|Any CPU
		{4BE1586F-270A-4F30-A21D-15001D487BB2}.Debug|Any CPU.Build.0 = Debug|Any CPU
		{4BE1586F-270A-4F30-A21D-15001D487BB2}.Release|Any CPU.ActiveCfg = Release|Any CPU
		{4BE1586F-270A-4F30-A21D-15001D487BB2}.Release|Any CPU.Build.0 = Release|Any CPU
		{5569E764-6B97-4F23-830A-60D12B0AA48C}.Debug|Any CPU.ActiveCfg = Debug|Any CPU
		{5569E764-6B97-4F23-830A-60D12B0AA48C}.Debug|Any CPU.Build.0 = Debug|Any CPU
		{5569E764-6B97-4F23-830A-60D12B0AA48C}.Release|Any CPU.ActiveCfg = Release|Any CPU
		{5569E764-6B97-4F23-830A-60D12B0AA48C}.Release|Any CPU.Build.0 = Release|Any CPU
		{94256E1D-0DB6-40CD-9CE4-CDC5778AD40F}.Debug|Any CPU.ActiveCfg = Debug|Any CPU
		{94256E1D-0DB6-40CD-9CE4-CDC5778AD40F}.Debug|Any CPU.Build.0 = Debug|Any CPU
		{94256E1D-0DB6-40CD-9CE4-CDC5778AD40F}.Release|Any CPU.ActiveCfg = Release|Any CPU
		{94256E1D-0DB6-40CD-9CE4-CDC5778AD40F}.Release|Any CPU.Build.0 = Release|Any CPU
		{D3A18DAF-DCD6-4154-AA08-C95944B888F1}.Debug|Any CPU.ActiveCfg = Debug|Any CPU
		{D3A18DAF-DCD6-4154-AA08-C95944B888F1}.Debug|Any CPU.Build.0 = Debug|Any CPU
		{D3A18DAF-DCD6-4154-AA08-C95944B888F1}.Release|Any CPU.ActiveCfg = Release|Any CPU
		{D3A18DAF-DCD6-4154-AA08-C95944B888F1}.Release|Any CPU.Build.0 = Release|Any CPU
		{E11377C0-5575-436A-823B-32DB4360F433}.Debug|Any CPU.ActiveCfg = Debug|Any CPU
		{E11377C0-5575-436A-823B-32DB4360F433}.Debug|Any CPU.Build.0 = Debug|Any CPU
		{E11377C0-5575-436A-823B-32DB4360F433}.Release|Any CPU.ActiveCfg = Release|Any CPU
		{E11377C0-5575-436A-823B-32DB4360F433}.Release|Any CPU.Build.0 = Release|Any CPU
		{50544C8F-967B-4A0C-9AD8-09190A8D3BBB}.Debug|Any CPU.ActiveCfg = Debug|Any CPU
		{50544C8F-967B-4A0C-9AD8-09190A8D3BBB}.Debug|Any CPU.Build.0 = Debug|Any CPU
		{50544C8F-967B-4A0C-9AD8-09190A8D3BBB}.Release|Any CPU.ActiveCfg = Release|Any CPU
		{50544C8F-967B-4A0C-9AD8-09190A8D3BBB}.Release|Any CPU.Build.0 = Release|Any CPU
		{FD252971-A3DF-4ABF-BCFD-119CB48FFDC4}.Debug|Any CPU.ActiveCfg = Debug|Any CPU
		{FD252971-A3DF-4ABF-BCFD-119CB48FFDC4}.Debug|Any CPU.Build.0 = Debug|Any CPU
		{FD252971-A3DF-4ABF-BCFD-119CB48FFDC4}.Release|Any CPU.ActiveCfg = Release|Any CPU
		{FD252971-A3DF-4ABF-BCFD-119CB48FFDC4}.Release|Any CPU.Build.0 = Release|Any CPU
		{11DD0234-9BAF-487D-985E-56159EFABB5D}.Debug|Any CPU.ActiveCfg = Debug|Any CPU
		{11DD0234-9BAF-487D-985E-56159EFABB5D}.Debug|Any CPU.Build.0 = Debug|Any CPU
		{11DD0234-9BAF-487D-985E-56159EFABB5D}.Release|Any CPU.ActiveCfg = Release|Any CPU
		{11DD0234-9BAF-487D-985E-56159EFABB5D}.Release|Any CPU.Build.0 = Release|Any CPU
		{03754282-20DF-46DA-BD6B-ED8CE0EB36EA}.Debug|Any CPU.ActiveCfg = Debug|Any CPU
		{03754282-20DF-46DA-BD6B-ED8CE0EB36EA}.Debug|Any CPU.Build.0 = Debug|Any CPU
		{03754282-20DF-46DA-BD6B-ED8CE0EB36EA}.Release|Any CPU.ActiveCfg = Release|Any CPU
		{03754282-20DF-46DA-BD6B-ED8CE0EB36EA}.Release|Any CPU.Build.0 = Release|Any CPU
		{5D755C55-2C87-4948-A56F-EFBD915C425D}.Debug|Any CPU.ActiveCfg = Debug|Any CPU
		{5D755C55-2C87-4948-A56F-EFBD915C425D}.Debug|Any CPU.Build.0 = Debug|Any CPU
		{5D755C55-2C87-4948-A56F-EFBD915C425D}.Release|Any CPU.ActiveCfg = Release|Any CPU
		{5D755C55-2C87-4948-A56F-EFBD915C425D}.Release|Any CPU.Build.0 = Release|Any CPU
		{A6095029-EC2F-4AF0-AF19-6B3C2FA3E257}.Debug|Any CPU.ActiveCfg = Debug|Any CPU
		{A6095029-EC2F-4AF0-AF19-6B3C2FA3E257}.Debug|Any CPU.Build.0 = Debug|Any CPU
		{A6095029-EC2F-4AF0-AF19-6B3C2FA3E257}.Release|Any CPU.ActiveCfg = Release|Any CPU
		{A6095029-EC2F-4AF0-AF19-6B3C2FA3E257}.Release|Any CPU.Build.0 = Release|Any CPU
		{CDD376B0-44D9-4D75-ACB9-2A27EBB4446F}.Debug|Any CPU.ActiveCfg = Debug|Any CPU
		{CDD376B0-44D9-4D75-ACB9-2A27EBB4446F}.Debug|Any CPU.Build.0 = Debug|Any CPU
		{CDD376B0-44D9-4D75-ACB9-2A27EBB4446F}.Release|Any CPU.ActiveCfg = Release|Any CPU
		{CDD376B0-44D9-4D75-ACB9-2A27EBB4446F}.Release|Any CPU.Build.0 = Release|Any CPU
		{9854C788-5B95-44CC-951B-813229ECC482}.Debug|Any CPU.ActiveCfg = Debug|Any CPU
		{9854C788-5B95-44CC-951B-813229ECC482}.Debug|Any CPU.Build.0 = Debug|Any CPU
		{9854C788-5B95-44CC-951B-813229ECC482}.Release|Any CPU.ActiveCfg = Release|Any CPU
		{9854C788-5B95-44CC-951B-813229ECC482}.Release|Any CPU.Build.0 = Release|Any CPU
		{D022BEDB-1B3D-4BD9-8B0C-EC86E93D03ED}.Debug|Any CPU.ActiveCfg = Debug|Any CPU
		{D022BEDB-1B3D-4BD9-8B0C-EC86E93D03ED}.Debug|Any CPU.Build.0 = Debug|Any CPU
		{D022BEDB-1B3D-4BD9-8B0C-EC86E93D03ED}.Release|Any CPU.ActiveCfg = Release|Any CPU
		{D022BEDB-1B3D-4BD9-8B0C-EC86E93D03ED}.Release|Any CPU.Build.0 = Release|Any CPU
		{A6F12E7A-E251-4B34-9E35-1866E1A47276}.Debug|Any CPU.ActiveCfg = Debug|Any CPU
		{A6F12E7A-E251-4B34-9E35-1866E1A47276}.Debug|Any CPU.Build.0 = Debug|Any CPU
		{A6F12E7A-E251-4B34-9E35-1866E1A47276}.Release|Any CPU.ActiveCfg = Release|Any CPU
		{A6F12E7A-E251-4B34-9E35-1866E1A47276}.Release|Any CPU.Build.0 = Release|Any CPU
		{D07ED622-9A1D-4F56-9CA1-ACC432781B77}.Debug|Any CPU.ActiveCfg = Debug|Any CPU
		{D07ED622-9A1D-4F56-9CA1-ACC432781B77}.Debug|Any CPU.Build.0 = Debug|Any CPU
		{D07ED622-9A1D-4F56-9CA1-ACC432781B77}.Release|Any CPU.ActiveCfg = Release|Any CPU
		{D07ED622-9A1D-4F56-9CA1-ACC432781B77}.Release|Any CPU.Build.0 = Release|Any CPU
	EndGlobalSection
	GlobalSection(SolutionProperties) = preSolution
		HideSolutionNode = FALSE
	EndGlobalSection
	GlobalSection(NestedProjects) = preSolution
		{8E07A6DE-C475-42B9-A004-3C5D2604AE46} = {256F4E96-6A73-9ABE-786F-840C672A50F4}
		{2D969CB7-1809-4394-BC9A-773347614FCF} = {256F4E96-6A73-9ABE-786F-840C672A50F4}
		{4BE1586F-270A-4F30-A21D-15001D487BB2} = {09D8FB36-4898-7C8E-B3F7-02AC6C3AAC25}
		{5569E764-6B97-4F23-830A-60D12B0AA48C} = {CE15223E-5A6A-7451-F455-2D4EB7229030}
		{94256E1D-0DB6-40CD-9CE4-CDC5778AD40F} = {7A4C05E0-4FF7-B8EC-2124-E708496D3B03}
		{D3A18DAF-DCD6-4154-AA08-C95944B888F1} = {7A4C05E0-4FF7-B8EC-2124-E708496D3B03}
		{E11377C0-5575-436A-823B-32DB4360F433} = {49CF7A54-887D-C161-D4C1-B9F147F78F6B}
		{50544C8F-967B-4A0C-9AD8-09190A8D3BBB} = {7A4C05E0-4FF7-B8EC-2124-E708496D3B03}
		{FD252971-A3DF-4ABF-BCFD-119CB48FFDC4} = {7A1224A0-F22D-34FF-DE0A-A058FAFFD90C}
		{11DD0234-9BAF-487D-985E-56159EFABB5D} = {7A1224A0-F22D-34FF-DE0A-A058FAFFD90C}
		{03754282-20DF-46DA-BD6B-ED8CE0EB36EA} = {09D8FB36-4898-7C8E-B3F7-02AC6C3AAC25}
		{5D755C55-2C87-4948-A56F-EFBD915C425D} = {09D8FB36-4898-7C8E-B3F7-02AC6C3AAC25}
		{A6095029-EC2F-4AF0-AF19-6B3C2FA3E257} = {62AB0E85-9C0C-2155-2438-9E130F1B1504}
		{CDD376B0-44D9-4D75-ACB9-2A27EBB4446F} = {09D8FB36-4898-7C8E-B3F7-02AC6C3AAC25}
		{9854C788-5B95-44CC-951B-813229ECC482} = {09D8FB36-4898-7C8E-B3F7-02AC6C3AAC25}
		{D022BEDB-1B3D-4BD9-8B0C-EC86E93D03ED} = {DBB322E0-0B78-7CD8-98D2-D0C5B72D5AED}
		{DBB322E0-0B78-7CD8-98D2-D0C5B72D5AED} = {09D8FB36-4898-7C8E-B3F7-02AC6C3AAC25}
		{A6F12E7A-E251-4B34-9E35-1866E1A47276} = {09D8FB36-4898-7C8E-B3F7-02AC6C3AAC25}
		{D07ED622-9A1D-4F56-9CA1-ACC432781B77} = {DBB322E0-0B78-7CD8-98D2-D0C5B72D5AED}
	EndGlobalSection
	GlobalSection(ExtensibilityGlobals) = postSolution
		SolutionGuid = {95EED1DB-1D5E-441A-B6DF-3BF4828F0590}
	EndGlobalSection
EndGlobal
